
Microsoft Visual Studio Solution File, Format Version 12.00
# Visual Studio 14
VisualStudioVersion = 14.0.25420.1
MinimumVisualStudioVersion = 10.0.40219.1
Project("{FAE04EC0-301F-11D3-BF4B-00C04F79EFBC}") = "Bijective", "Bijective\Bijective.csproj", "{273ADDEF-E8EF-4EBA-A764-2533A646C1E9}"
EndProject
Project("{FAE04EC0-301F-11D3-BF4B-00C04F79EFBC}") = "BijectiveTests", "BijectiveTests\BijectiveTests.csproj", "{0F0908F3-DFF2-4340-AFD2-490416488C75}"
EndProject
Global
	GlobalSection(SolutionConfigurationPlatforms) = preSolution
		Debug|Any CPU = Debug|Any CPU
		Release|Any CPU = Release|Any CPU
	EndGlobalSection
	GlobalSection(ProjectConfigurationPlatforms) = postSolution
		{273ADDEF-E8EF-4EBA-A764-2533A646C1E9}.Debug|Any CPU.ActiveCfg = Debug|Any CPU
		{273ADDEF-E8EF-4EBA-A764-2533A646C1E9}.Debug|Any CPU.Build.0 = Debug|Any CPU
		{273ADDEF-E8EF-4EBA-A764-2533A646C1E9}.Release|Any CPU.ActiveCfg = Release|Any CPU
		{273ADDEF-E8EF-4EBA-A764-2533A646C1E9}.Release|Any CPU.Build.0 = Release|Any CPU
		{0F0908F3-DFF2-4340-AFD2-490416488C75}.Debug|Any CPU.ActiveCfg = Debug|Any CPU
		{0F0908F3-DFF2-4340-AFD2-490416488C75}.Debug|Any CPU.Build.0 = Debug|Any CPU
		{0F0908F3-DFF2-4340-AFD2-490416488C75}.Release|Any CPU.ActiveCfg = Release|Any CPU
		{0F0908F3-DFF2-4340-AFD2-490416488C75}.Release|Any CPU.Build.0 = Release|Any CPU
	EndGlobalSection
	GlobalSection(SolutionProperties) = preSolution
		HideSolutionNode = FALSE
	EndGlobalSection
EndGlobal
